
Microsoft Visual Studio Solution File, Format Version 12.00
# Visual Studio 15
VisualStudioVersion = 15.0.26124.0
MinimumVisualStudioVersion = 15.0.26124.0
Project("{FAE04EC0-301F-11D3-BF4B-00C04F79EFBC}") = "src", "src\src.csproj", "{9C23A6AA-189C-4446-B274-0ED04C4A1914}"
EndProject
Project("{FAE04EC0-301F-11D3-BF4B-00C04F79EFBC}") = "test", "test\test.csproj", "{B624D158-7BBA-43CF-8345-610BD079EFB2}"
EndProject
Global
	GlobalSection(SolutionConfigurationPlatforms) = preSolution
		Debug|Any CPU = Debug|Any CPU
		Debug|x64 = Debug|x64
		Debug|x86 = Debug|x86
		Release|Any CPU = Release|Any CPU
		Release|x64 = Release|x64
		Release|x86 = Release|x86
	EndGlobalSection
	GlobalSection(SolutionProperties) = preSolution
		HideSolutionNode = FALSE
	EndGlobalSection
	GlobalSection(ProjectConfigurationPlatforms) = postSolution
		{9C23A6AA-189C-4446-B274-0ED04C4A1914}.Debug|Any CPU.ActiveCfg = Debug|Any CPU
		{9C23A6AA-189C-4446-B274-0ED04C4A1914}.Debug|Any CPU.Build.0 = Debug|Any CPU
		{9C23A6AA-189C-4446-B274-0ED04C4A1914}.Debug|x64.ActiveCfg = Debug|Any CPU
		{9C23A6AA-189C-4446-B274-0ED04C4A1914}.Debug|x64.Build.0 = Debug|Any CPU
		{9C23A6AA-189C-4446-B274-0ED04C4A1914}.Debug|x86.ActiveCfg = Debug|Any CPU
		{9C23A6AA-189C-4446-B274-0ED04C4A1914}.Debug|x86.Build.0 = Debug|Any CPU
		{9C23A6AA-189C-4446-B274-0ED04C4A1914}.Release|Any CPU.ActiveCfg = Release|Any CPU
		{9C23A6AA-189C-4446-B274-0ED04C4A1914}.Release|Any CPU.Build.0 = Release|Any CPU
		{9C23A6AA-189C-4446-B274-0ED04C4A1914}.Release|x64.ActiveCfg = Release|Any CPU
		{9C23A6AA-189C-4446-B274-0ED04C4A1914}.Release|x64.Build.0 = Release|Any CPU
		{9C23A6AA-189C-4446-B274-0ED04C4A1914}.Release|x86.ActiveCfg = Release|Any CPU
		{9C23A6AA-189C-4446-B274-0ED04C4A1914}.Release|x86.Build.0 = Release|Any CPU
		{B624D158-7BBA-43CF-8345-610BD079EFB2}.Debug|Any CPU.ActiveCfg = Debug|Any CPU
		{B624D158-7BBA-43CF-8345-610BD079EFB2}.Debug|Any CPU.Build.0 = Debug|Any CPU
		{B624D158-7BBA-43CF-8345-610BD079EFB2}.Debug|x64.ActiveCfg = Debug|Any CPU
		{B624D158-7BBA-43CF-8345-610BD079EFB2}.Debug|x64.Build.0 = Debug|Any CPU
		{B624D158-7BBA-43CF-8345-610BD079EFB2}.Debug|x86.ActiveCfg = Debug|Any CPU
		{B624D158-7BBA-43CF-8345-610BD079EFB2}.Debug|x86.Build.0 = Debug|Any CPU
		{B624D158-7BBA-43CF-8345-610BD079EFB2}.Release|Any CPU.ActiveCfg = Release|Any CPU
		{B624D158-7BBA-43CF-8345-610BD079EFB2}.Release|Any CPU.Build.0 = Release|Any CPU
		{B624D158-7BBA-43CF-8345-610BD079EFB2}.Release|x64.ActiveCfg = Release|Any CPU
		{B624D158-7BBA-43CF-8345-610BD079EFB2}.Release|x64.Build.0 = Release|Any CPU
		{B624D158-7BBA-43CF-8345-610BD079EFB2}.Release|x86.ActiveCfg = Release|Any CPU
		{B624D158-7BBA-43CF-8345-610BD079EFB2}.Release|x86.Build.0 = Release|Any CPU
	EndGlobalSection
EndGlobal
